
Microsoft Visual Studio Solution File, Format Version 12.00
# Visual Studio Version 16
VisualStudioVersion = 16.0.31005.135
MinimumVisualStudioVersion = 10.0.40219.1
Project("{FAE04EC0-301F-11D3-BF4B-00C04F79EFBC}") = "Atividade Pilha 01", "Atividade Pilha 01\Atividade Pilha 01.csproj", "{89D967E8-9201-45C8-8901-B98EAF819DC5}"
EndProject
Global
	GlobalSection(SolutionConfigurationPlatforms) = preSolution
		Debug|Any CPU = Debug|Any CPU
		Release|Any CPU = Release|Any CPU
	EndGlobalSection
	GlobalSection(ProjectConfigurationPlatforms) = postSolution
		{89D967E8-9201-45C8-8901-B98EAF819DC5}.Debug|Any CPU.ActiveCfg = Debug|Any CPU
		{89D967E8-9201-45C8-8901-B98EAF819DC5}.Debug|Any CPU.Build.0 = Debug|Any CPU
		{89D967E8-9201-45C8-8901-B98EAF819DC5}.Release|Any CPU.ActiveCfg = Release|Any CPU
		{89D967E8-9201-45C8-8901-B98EAF819DC5}.Release|Any CPU.Build.0 = Release|Any CPU
	EndGlobalSection
	GlobalSection(SolutionProperties) = preSolution
		HideSolutionNode = FALSE
	EndGlobalSection
	GlobalSection(ExtensibilityGlobals) = postSolution
		SolutionGuid = {993FB35E-8C8F-4473-A743-92D0D23EEC56}
	EndGlobalSection
EndGlobal
